<?xml version="1.0" encoding="utf-8"?>
<Project ToolsVersion="4.0" xmlns="http://schemas.microsoft.com/developer/msbuild/2003">
  <ItemGroup>
    <Filter Include="소스 파일">
      <UniqueIdentifier>{4FC737F1-C7A5-4376-A066-2A32D752A2FF}</UniqueIdentifier>
      <Extensions>cpp;c;cc;cxx;def;odl;idl;hpj;bat;asm;asmx</Extensions>
    </Filter>
    <Filter Include="헤더 파일">
      <UniqueIdentifier>{93995380-89BD-4b04-88EB-625FBE52EBFB}</UniqueIdentifier>
      <Extensions>h;hh;hpp;hxx;hm;inl;inc;xsd</Extensions>
    </Filter>
    <Filter Include="리소스 파일">
      <UniqueIdentifier>{67DA6AB6-F800-4c08-8B7A-83BB121AAD01}</UniqueIdentifier>
      <Extensions>rc;ico;cur;bmp;dlg;rc2;rct;bin;rgs;gif;jpg;jpeg;jpe;resx;tiff;tif;png;wav;mfcribbon-ms</Extensions>
    </Filter>
  </ItemGroup>
  <ItemGroup>
    <ClCompile Include="Define_Function.cpp">
      <Filter>소스 파일</Filter>
    </ClCompile>
    <ClCompile Include="단계01_입출력받아보기_1000.cpp">
      <Filter>소스 파일</Filter>
    </ClCompile>
    <ClCompile Include="단계01_입출력받아보기_1001.cpp">
      <Filter>소스 파일</Filter>
    </ClCompile>
    <ClCompile Include="단계01_입출력받아보기_2557.cpp">
      <Filter>소스 파일</Filter>
    </ClCompile>
    <ClCompile Include="단계01_입출력받아보기_7287.cpp">
      <Filter>소스 파일</Filter>
    </ClCompile>
    <ClCompile Include="단계01_입출력받아보기_10172.cpp">
      <Filter>소스 파일</Filter>
    </ClCompile>
    <ClCompile Include="단계01_입출력받아보기_10718.cpp">
      <Filter>소스 파일</Filter>
    </ClCompile>
    <ClCompile Include="단계01_입출력받아보기_11718.cpp">
      <Filter>소스 파일</Filter>
    </ClCompile>
    <ClCompile Include="단계01_입출력받아보기_11719.cpp">
      <Filter>소스 파일</Filter>
    </ClCompile>
    <ClCompile Include="단계02_사칙연산_1000.cpp">
      <Filter>소스 파일</Filter>
    </ClCompile>
    <ClCompile Include="단계02_사칙연산_1001.cpp">
      <Filter>소스 파일</Filter>
    </ClCompile>
    <ClCompile Include="단계02_사칙연산_1008.cpp">
      <Filter>소스 파일</Filter>
    </ClCompile>
    <ClCompile Include="단계02_사칙연산_2558.cpp">
      <Filter>소스 파일</Filter>
    </ClCompile>
    <ClCompile Include="단계02_사칙연산_2839.cpp">
      <Filter>소스 파일</Filter>
    </ClCompile>
    <ClCompile Include="단계02_사칙연산_10430.cpp">
      <Filter>소스 파일</Filter>
    </ClCompile>
    <ClCompile Include="단계02_사칙연산_10869.cpp">
      <Filter>소스 파일</Filter>
    </ClCompile>
    <ClCompile Include="단계02_사칙연산_10998.cpp">
      <Filter>소스 파일</Filter>
    </ClCompile>
    <ClCompile Include="단계03_for문_1924.cpp">
      <Filter>소스 파일</Filter>
    </ClCompile>
    <ClCompile Include="단계03_for문_2438.cpp">
      <Filter>소스 파일</Filter>
    </ClCompile>
    <ClCompile Include="단계03_for문_2439.cpp">
      <Filter>소스 파일</Filter>
    </ClCompile>
    <ClCompile Include="단계03_for문_2440.cpp">
      <Filter>소스 파일</Filter>
    </ClCompile>
    <ClCompile Include="단계03_for문_2441.cpp">
      <Filter>소스 파일</Filter>
    </ClCompile>
    <ClCompile Include="단계03_for문_2739.cpp">
      <Filter>소스 파일</Filter>
    </ClCompile>
    <ClCompile Include="단계03_for문_2741.cpp">
      <Filter>소스 파일</Filter>
    </ClCompile>
    <ClCompile Include="단계03_for문_2742.cpp">
      <Filter>소스 파일</Filter>
    </ClCompile>
    <ClCompile Include="단계03_for문_8393.cpp">
      <Filter>소스 파일</Filter>
    </ClCompile>
    <ClCompile Include="단계03_for문_11720.cpp">
      <Filter>소스 파일</Filter>
    </ClCompile>
    <ClCompile Include="단계03_for문_11721.cpp">
      <Filter>소스 파일</Filter>
    </ClCompile>
    <ClCompile Include="단계04_if문_1110.cpp">
      <Filter>소스 파일</Filter>
    </ClCompile>
    <ClCompile Include="단계04_if문_1546.cpp">
      <Filter>소스 파일</Filter>
    </ClCompile>
    <ClCompile Include="단계04_if문_4344.cpp">
      <Filter>소스 파일</Filter>
    </ClCompile>
    <ClCompile Include="단계04_if문_9498.cpp">
      <Filter>소스 파일</Filter>
    </ClCompile>
    <ClCompile Include="단계04_if문_10817.cpp">
      <Filter>소스 파일</Filter>
    </ClCompile>
    <ClCompile Include="단계04_if문_10871.cpp">
      <Filter>소스 파일</Filter>
    </ClCompile>
    <ClCompile Include="단계05_함수사용하기_1065.cpp">
      <Filter>소스 파일</Filter>
    </ClCompile>
    <ClCompile Include="단계05_함수사용하기_2448.cpp">
      <Filter>소스 파일</Filter>
    </ClCompile>
    <ClCompile Include="단계05_함수사용하기_4673.cpp">
      <Filter>소스 파일</Filter>
    </ClCompile>
    <ClCompile Include="단계06_1차원배열사용하기_1152.cpp">
      <Filter>소스 파일</Filter>
    </ClCompile>
    <ClCompile Include="단계06_1차원배열사용하기_2577.cpp">
      <Filter>소스 파일</Filter>
    </ClCompile>
    <ClCompile Include="단계06_1차원배열사용하기_2920.cpp">
      <Filter>소스 파일</Filter>
    </ClCompile>
    <ClCompile Include="단계06_1차원배열사용하기_8958.cpp">
      <Filter>소스 파일</Filter>
    </ClCompile>
    <ClCompile Include="단계06_1차원배열사용하기_10039.cpp">
      <Filter>소스 파일</Filter>
    </ClCompile>
    <ClCompile Include="단계07_문자열사용하기_1152.cpp">
      <Filter>소스 파일</Filter>
    </ClCompile>
    <ClCompile Include="단계07_문자열사용하기_1157.cpp">
      <Filter>소스 파일</Filter>
    </ClCompile>
    <ClCompile Include="단계07_문자열사용하기_1316.cpp">
      <Filter>소스 파일</Filter>
    </ClCompile>
    <ClCompile Include="단계07_문자열사용하기_2675.cpp">
      <Filter>소스 파일</Filter>
    </ClCompile>
    <ClCompile Include="단계07_문자열사용하기_2908.cpp">
      <Filter>소스 파일</Filter>
    </ClCompile>
    <ClCompile Include="단계07_문자열사용하기_2941.cpp">
      <Filter>소스 파일</Filter>
    </ClCompile>
    <ClCompile Include="단계07_문자열사용하기_5622.cpp">
      <Filter>소스 파일</Filter>
    </ClCompile>
    <ClCompile Include="단계07_문자열사용하기_10809.cpp">
      <Filter>소스 파일</Filter>
    </ClCompile>
    <ClCompile Include="단계07_문자열사용하기_11654.cpp">
      <Filter>소스 파일</Filter>
    </ClCompile>
    <ClCompile Include="단계08_규칙찾기_1011.cpp">
      <Filter>소스 파일</Filter>
    </ClCompile>
    <ClCompile Include="단계08_규칙찾기_1193.cpp">
      <Filter>소스 파일</Filter>
    </ClCompile>
    <ClCompile Include="단계08_규칙찾기_1475.cpp">
      <Filter>소스 파일</Filter>
    </ClCompile>
    <ClCompile Include="단계08_규칙찾기_1924.cpp">
      <Filter>소스 파일</Filter>
    </ClCompile>
    <ClCompile Include="단계08_규칙찾기_2292.cpp">
      <Filter>소스 파일</Filter>
    </ClCompile>
    <ClCompile Include="단계08_규칙찾기_2438.cpp">
      <Filter>소스 파일</Filter>
    </ClCompile>
    <ClCompile Include="단계08_규칙찾기_2775.cpp">
      <Filter>소스 파일</Filter>
    </ClCompile>
    <ClCompile Include="단계08_규칙찾기_6064.cpp">
      <Filter>소스 파일</Filter>
    </ClCompile>
    <ClCompile Include="단계08_규칙찾기_10250.cpp">
      <Filter>소스 파일</Filter>
    </ClCompile>
    <ClCompile Include="단계09_정렬_1181.cpp">
      <Filter>소스 파일</Filter>
    </ClCompile>
    <ClCompile Include="단계09_정렬_1427.cpp">
      <Filter>소스 파일</Filter>
    </ClCompile>
    <ClCompile Include="단계09_정렬_2108.cpp">
      <Filter>소스 파일</Filter>
    </ClCompile>
    <ClCompile Include="단계09_정렬_2750.cpp">
      <Filter>소스 파일</Filter>
    </ClCompile>
    <ClCompile Include="단계09_정렬_2751.cpp">
      <Filter>소스 파일</Filter>
    </ClCompile>
    <ClCompile Include="단계09_정렬_9426.cpp">
      <Filter>소스 파일</Filter>
    </ClCompile>
    <ClCompile Include="단계09_정렬_10989.cpp">
      <Filter>소스 파일</Filter>
    </ClCompile>
    <ClCompile Include="단계10_소수구하기_1929.cpp">
      <Filter>소스 파일</Filter>
    </ClCompile>
    <ClCompile Include="단계10_소수구하기_1978.cpp">
      <Filter>소스 파일</Filter>
    </ClCompile>
    <ClCompile Include="단계10_소수구하기_2581.cpp">
      <Filter>소스 파일</Filter>
    </ClCompile>
    <ClCompile Include="단계10_소수구하기_4948.cpp">
      <Filter>소스 파일</Filter>
    </ClCompile>
    <ClCompile Include="단계10_소수구하기_9020.cpp">
      <Filter>소스 파일</Filter>
    </ClCompile>
    <ClCompile Include="단계11_스택_1874.cpp">
      <Filter>소스 파일</Filter>
    </ClCompile>
    <ClCompile Include="단계11_스택_2504.cpp">
      <Filter>소스 파일</Filter>
    </ClCompile>
    <ClCompile Include="단계11_스택_9012.cpp">
      <Filter>소스 파일</Filter>
    </ClCompile>
    <ClCompile Include="단계11_스택_10828.cpp">
      <Filter>소스 파일</Filter>
    </ClCompile>
    <ClCompile Include="단계12_큐_1260.cpp">
      <Filter>소스 파일</Filter>
    </ClCompile>
    <ClCompile Include="단계12_큐_10845.cpp">
      <Filter>소스 파일</Filter>
    </ClCompile>
    <ClCompile Include="단계24_DFS,BFS_7576.cpp">
      <Filter>소스 파일</Filter>
    </ClCompile>
  </ItemGroup>
</Project>